
Microsoft Visual Studio Solution File, Format Version 12.00
# Visual Studio Version 17
VisualStudioVersion = 17.9.34622.214
MinimumVisualStudioVersion = 10.0.40219.1
Project("{FAE04EC0-301F-11D3-BF4B-00C04F79EFBC}") = "ExpenseManager", "ExpenseManager\ExpenseManager.csproj", "{39E90648-14A2-4ED3-8CFC-1A818A71CAAF}"
EndProject
Global
	GlobalSection(SolutionConfigurationPlatforms) = preSolution
		Debug|Any CPU = Debug|Any CPU
		Release|Any CPU = Release|Any CPU
	EndGlobalSection
	GlobalSection(ProjectConfigurationPlatforms) = postSolution
		{39E90648-14A2-4ED3-8CFC-1A818A71CAAF}.Debug|Any CPU.ActiveCfg = Debug|Any CPU
		{39E90648-14A2-4ED3-8CFC-1A818A71CAAF}.Debug|Any CPU.Build.0 = Debug|Any CPU
		{39E90648-14A2-4ED3-8CFC-1A818A71CAAF}.Release|Any CPU.ActiveCfg = Release|Any CPU
		{39E90648-14A2-4ED3-8CFC-1A818A71CAAF}.Release|Any CPU.Build.0 = Release|Any CPU
	EndGlobalSection
	GlobalSection(SolutionProperties) = preSolution
		HideSolutionNode = FALSE
	EndGlobalSection
	GlobalSection(ExtensibilityGlobals) = postSolution
		SolutionGuid = {651E0585-2CAC-4891-B8F0-78C0AA5B34A1}
	EndGlobalSection
EndGlobal
